// !$*UTF8*$!
{
	archiveVersion = 1;
	classes = {
	};
	objectVersion = 50;
	objects = {

/* Begin PBXBuildFile section */
		5542AA12261D83B400610E50 /* AppDelegate.m in Sources */ = {isa = PBXBuildFile; fileRef = 5542AA11261D83B400610E50 /* AppDelegate.m */; };
		5542AA15261D83B400610E50 /* SceneDelegate.m in Sources */ = {isa = PBXBuildFile; fileRef = 5542AA14261D83B400610E50 /* SceneDelegate.m */; };
		5542AA18261D83B400610E50 /* ViewController.m in Sources */ = {isa = PBXBuildFile; fileRef = 5542AA17261D83B400610E50 /* ViewController.m */; };
		5542AA1B261D83B400610E50 /* Main.storyboard in Resources */ = {isa = PBXBuildFile; fileRef = 5542AA19261D83B400610E50 /* Main.storyboard */; };
		5542AA1D261D83B500610E50 /* Assets.xcassets in Resources */ = {isa = PBXBuildFile; fileRef = 5542AA1C261D83B500610E50 /* Assets.xcassets */; };
		5542AA20261D83B500610E50 /* LaunchScreen.storyboard in Resources */ = {isa = PBXBuildFile; fileRef = 5542AA1E261D83B500610E50 /* LaunchScreen.storyboard */; };
		5542AA23261D83B500610E50 /* main.m in Sources */ = {isa = PBXBuildFile; fileRef = 5542AA22261D83B500610E50 /* main.m */; };
		5542AA3A261D848C00610E50 /* 12.jpg in Resources */ = {isa = PBXBuildFile; fileRef = 5542AA2B261D848B00610E50 /* 12.jpg */; };
		5542AA3B261D848C00610E50 /* 13.jpg in Resources */ = {isa = PBXBuildFile; fileRef = 5542AA2C261D848B00610E50 /* 13.jpg */; };
		5542AA3C261D848C00610E50 /* 4.jpg in Resources */ = {isa = PBXBuildFile; fileRef = 5542AA2D261D848B00610E50 /* 4.jpg */; };
		5542AA3D261D848C00610E50 /* 11.jpg in Resources */ = {isa = PBXBuildFile; fileRef = 5542AA2E261D848B00610E50 /* 11.jpg */; };
		5542AA3E261D848C00610E50 /* 14.jpg in Resources */ = {isa = PBXBuildFile; fileRef = 5542AA2F261D848B00610E50 /* 14.jpg */; };
		5542AA3F261D848C00610E50 /* 6.jpg in Resources */ = {isa = PBXBuildFile; fileRef = 5542AA30261D848B00610E50 /* 6.jpg */; };
		5542AA40261D848C00610E50 /* 1.jpg in Resources */ = {isa = PBXBuildFile; fileRef = 5542AA31261D848B00610E50 /* 1.jpg */; };
		5542AA41261D848C00610E50 /* 2.jpg in Resources */ = {isa = PBXBuildFile; fileRef = 5542AA32261D848B00610E50 /* 2.jpg */; };
		5542AA42261D848C00610E50 /* 3.jpg in Resources */ = {isa = PBXBuildFile; fileRef = 5542AA33261D848B00610E50 /* 3.jpg */; };
		5542AA43261D848C00610E50 /* 15.jpg in Resources */ = {isa = PBXBuildFile; fileRef = 5542AA34261D848B00610E50 /* 15.jpg */; };
		5542AA44261D848C00610E50 /* 9.jpg in Resources */ = {isa = PBXBuildFile; fileRef = 5542AA35261D848B00610E50 /* 9.jpg */; };
		5542AA45261D848C00610E50 /* 7.jpg in Resources */ = {isa = PBXBuildFile; fileRef = 5542AA36261D848B00610E50 /* 7.jpg */; };
		5542AA46261D848C00610E50 /* 8.jpg in Resources */ = {isa = PBXBuildFile; fileRef = 5542AA37261D848B00610E50 /* 8.jpg */; };
		5542AA47261D848C00610E50 /* 5.jpg in Resources */ = {isa = PBXBuildFile; fileRef = 5542AA38261D848C00610E50 /* 5.jpg */; };
		5542AA48261D848C00610E50 /* 10.jpg in Resources */ = {isa = PBXBuildFile; fileRef = 5542AA39261D848C00610E50 /* 10.jpg */; };
/* End PBXBuildFile section */

/* Begin PBXFileReference section */
		5542AA0D261D83B400610E50 /* DigitalFrame.app */ = {isa = PBXFileReference; explicitFileType = wrapper.application; includeInIndex = 0; path = DigitalFrame.app; sourceTree = BUILT_PRODUCTS_DIR; };
		5542AA10261D83B400610E50 /* AppDelegate.h */ = {isa = PBXFileReference; lastKnownFileType = sourcecode.c.h; path = AppDelegate.h; sourceTree = "<group>"; };
		5542AA11261D83B400610E50 /* AppDelegate.m */ = {isa = PBXFileReference; lastKnownFileType = sourcecode.c.objc; path = AppDelegate.m; sourceTree = "<group>"; };
		5542AA13261D83B400610E50 /* SceneDelegate.h */ = {isa = PBXFileReference; lastKnownFileType = sourcecode.c.h; path = SceneDelegate.h; sourceTree = "<group>"; };
		5542AA14261D83B400610E50 /* SceneDelegate.m */ = {isa = PBXFileReference; lastKnownFileType = sourcecode.c.objc; path = SceneDelegate.m; sourceTree = "<group>"; };
		5542AA16261D83B400610E50 /* ViewController.h */ = {isa = PBXFileReference; lastKnownFileType = sourcecode.c.h; path = ViewController.h; sourceTree = "<group>"; };
		5542AA17261D83B400610E50 /* ViewController.m */ = {isa = PBXFileReference; lastKnownFileType = sourcecode.c.objc; path = ViewController.m; sourceTree = "<group>"; };
		5542AA1A261D83B400610E50 /* Base */ = {isa = PBXFileReference; lastKnownFileType = file.storyboard; name = Base; path = Base.lproj/Main.storyboard; sourceTree = "<group>"; };
		5542AA1C261D83B500610E50 /* Assets.xcassets */ = {isa = PBXFileReference; lastKnownFileType = folder.assetcatalog; path = Assets.xcassets; sourceTree = "<group>"; };
		5542AA1F261D83B500610E50 /* Base */ = {isa = PBXFileReference; lastKnownFileType = file.storyboard; name = Base; path = Base.lproj/LaunchScreen.storyboard; sourceTree = "<group>"; };
		5542AA21261D83B500610E50 /* Info.plist */ = {isa = PBXFileReference; lastKnownFileType = text.plist.xml; path = Info.plist; sourceTree = "<group>"; };
		5542AA22261D83B500610E50 /* main.m */ = {isa = PBXFileReference; lastKnownFileType = sourcecode.c.objc; path = main.m; sourceTree = "<group>"; };
		5542AA2B261D848B00610E50 /* 12.jpg */ = {isa = PBXFileReference; lastKnownFileType = image.jpeg; name = 12.jpg; path = "../../../../강의 자료/Source/4-3. DigitalFrameImages/12.jpg"; sourceTree = "<group>"; };
		5542AA2C261D848B00610E50 /* 13.jpg */ = {isa = PBXFileReference; lastKnownFileType = image.jpeg; name = 13.jpg; path = "../../../../강의 자료/Source/4-3. DigitalFrameImages/13.jpg"; sourceTree = "<group>"; };
		5542AA2D261D848B00610E50 /* 4.jpg */ = {isa = PBXFileReference; lastKnownFileType = image.jpeg; name = 4.jpg; path = "../../../../강의 자료/Source/4-3. DigitalFrameImages/4.jpg"; sourceTree = "<group>"; };
		5542AA2E261D848B00610E50 /* 11.jpg */ = {isa = PBXFileReference; lastKnownFileType = image.jpeg; name = 11.jpg; path = "../../../../강의 자료/Source/4-3. DigitalFrameImages/11.jpg"; sourceTree = "<group>"; };
		5542AA2F261D848B00610E50 /* 14.jpg */ = {isa = PBXFileReference; lastKnownFileType = image.jpeg; name = 14.jpg; path = "../../../../강의 자료/Source/4-3. DigitalFrameImages/14.jpg"; sourceTree = "<group>"; };
		5542AA30261D848B00610E50 /* 6.jpg */ = {isa = PBXFileReference; lastKnownFileType = image.jpeg; name = 6.jpg; path = "../../../../강의 자료/Source/4-3. DigitalFrameImages/6.jpg"; sourceTree = "<group>"; };
		5542AA31261D848B00610E50 /* 1.jpg */ = {isa = PBXFileReference; lastKnownFileType = image.jpeg; name = 1.jpg; path = "../../../../강의 자료/Source/4-3. DigitalFrameImages/1.jpg"; sourceTree = "<group>"; };
		5542AA32261D848B00610E50 /* 2.jpg */ = {isa = PBXFileReference; lastKnownFileType = image.jpeg; name = 2.jpg; path = "../../../../강의 자료/Source/4-3. DigitalFrameImages/2.jpg"; sourceTree = "<group>"; };
		5542AA33261D848B00610E50 /* 3.jpg */ = {isa = PBXFileReference; lastKnownFileType = image.jpeg; name = 3.jpg; path = "../../../../강의 자료/Source/4-3. DigitalFrameImages/3.jpg"; sourceTree = "<group>"; };
		5542AA34261D848B00610E50 /* 15.jpg */ = {isa = PBXFileReference; lastKnownFileType = image.jpeg; name = 15.jpg; path = "../../../../강의 자료/Source/4-3. DigitalFrameImages/15.jpg"; sourceTree = "<group>"; };
		5542AA35261D848B00610E50 /* 9.jpg */ = {isa = PBXFileReference; lastKnownFileType = image.jpeg; name = 9.jpg; path = "../../../../강의 자료/Source/4-3. DigitalFrameImages/9.jpg"; sourceTree = "<group>"; };
		5542AA36261D848B00610E50 /* 7.jpg */ = {isa = PBXFileReference; lastKnownFileType = image.jpeg; name = 7.jpg; path = "../../../../강의 자료/Source/4-3. DigitalFrameImages/7.jpg"; sourceTree = "<group>"; };
		5542AA37261D848B00610E50 /* 8.jpg */ = {isa = PBXFileReference; lastKnownFileType = image.jpeg; name = 8.jpg; path = "../../../../강의 자료/Source/4-3. DigitalFrameImages/8.jpg"; sourceTree = "<group>"; };
		5542AA38261D848C00610E50 /* 5.jpg */ = {isa = PBXFileReference; lastKnownFileType = image.jpeg; name = 5.jpg; path = "../../../../강의 자료/Source/4-3. DigitalFrameImages/5.jpg"; sourceTree = "<group>"; };
		5542AA39261D848C00610E50 /* 10.jpg */ = {isa = PBXFileReference; lastKnownFileType = image.jpeg; name = 10.jpg; path = "../../../../강의 자료/Source/4-3. DigitalFrameImages/10.jpg"; sourceTree = "<group>"; };
/* End PBXFileReference section */

/* Begin PBXFrameworksBuildPhase section */
		5542AA0A261D83B400610E50 /* Frameworks */ = {
			isa = PBXFrameworksBuildPhase;
			buildActionMask = 2147483647;
			files = (
			);
			runOnlyForDeploymentPostprocessing = 0;
		};
/* End PBXFrameworksBuildPhase section */

/* Begin PBXGroup section */
		5542AA04261D83B400610E50 = {
			isa = PBXGroup;
			children = (
				5542AA0F261D83B400610E50 /* DigitalFrame */,
				5542AA0E261D83B400610E50 /* Products */,
			);
			sourceTree = "<group>";
		};
		5542AA0E261D83B400610E50 /* Products */ = {
			isa = PBXGroup;
			children = (
				5542AA0D261D83B400610E50 /* DigitalFrame.app */,
			);
			name = Products;
			sourceTree = "<group>";
		};
		5542AA0F261D83B400610E50 /* DigitalFrame */ = {
			isa = PBXGroup;
			children = (
				5542AA2A261D843300610E50 /* Images */,
				5542AA10261D83B400610E50 /* AppDelegate.h */,
				5542AA11261D83B400610E50 /* AppDelegate.m */,
				5542AA13261D83B400610E50 /* SceneDelegate.h */,
				5542AA14261D83B400610E50 /* SceneDelegate.m */,
				5542AA16261D83B400610E50 /* ViewController.h */,
				5542AA17261D83B400610E50 /* ViewController.m */,
				5542AA19261D83B400610E50 /* Main.storyboard */,
				5542AA1C261D83B500610E50 /* Assets.xcassets */,
				5542AA1E261D83B500610E50 /* LaunchScreen.storyboard */,
				5542AA21261D83B500610E50 /* Info.plist */,
				5542AA22261D83B500610E50 /* main.m */,
			);
			path = DigitalFrame;
			sourceTree = "<group>";
		};
		5542AA2A261D843300610E50 /* Images */ = {
			isa = PBXGroup;
			children = (
				5542AA31261D848B00610E50 /* 1.jpg */,
				5542AA32261D848B00610E50 /* 2.jpg */,
				5542AA33261D848B00610E50 /* 3.jpg */,
				5542AA2D261D848B00610E50 /* 4.jpg */,
				5542AA38261D848C00610E50 /* 5.jpg */,
				5542AA30261D848B00610E50 /* 6.jpg */,
				5542AA36261D848B00610E50 /* 7.jpg */,
				5542AA37261D848B00610E50 /* 8.jpg */,
				5542AA35261D848B00610E50 /* 9.jpg */,
				5542AA39261D848C00610E50 /* 10.jpg */,
				5542AA2E261D848B00610E50 /* 11.jpg */,
				5542AA2B261D848B00610E50 /* 12.jpg */,
				5542AA2C261D848B00610E50 /* 13.jpg */,
				5542AA2F261D848B00610E50 /* 14.jpg */,
				5542AA34261D848B00610E50 /* 15.jpg */,
			);
			path = Images;
			sourceTree = "<group>";
		};
/* End PBXGroup section */

/* Begin PBXNativeTarget section */
		5542AA0C261D83B400610E50 /* DigitalFrame */ = {
			isa = PBXNativeTarget;
			buildConfigurationList = 5542AA26261D83B500610E50 /* Build configuration list for PBXNativeTarget "DigitalFrame" */;
			buildPhases = (
				5542AA09261D83B400610E50 /* Sources */,
				5542AA0A261D83B400610E50 /* Frameworks */,
				5542AA0B261D83B400610E50 /* Resources */,
			);
			buildRules = (
			);
			dependencies = (
			);
			name = DigitalFrame;
			productName = DigitalFrame;
			productReference = 5542AA0D261D83B400610E50 /* DigitalFrame.app */;
			productType = "com.apple.product-type.application";
		};
/* End PBXNativeTarget section */

/* Begin PBXProject section */
		5542AA05261D83B400610E50 /* Project object */ = {
			isa = PBXProject;
			attributes = {
				LastUpgradeCheck = 1240;
				TargetAttributes = {
					5542AA0C261D83B400610E50 = {
						CreatedOnToolsVersion = 12.4;
					};
				};
			};
			buildConfigurationList = 5542AA08261D83B400610E50 /* Build configuration list for PBXProject "DigitalFrame" */;
			compatibilityVersion = "Xcode 9.3";
			developmentRegion = en;
			hasScannedForEncodings = 0;
			knownRegions = (
				en,
				Base,
			);
			mainGroup = 5542AA04261D83B400610E50;
			productRefGroup = 5542AA0E261D83B400610E50 /* Products */;
			projectDirPath = "";
			projectRoot = "";
			targets = (
				5542AA0C261D83B400610E50 /* DigitalFrame */,
			);
		};
/* End PBXProject section */

/* Begin PBXResourcesBuildPhase section */
		5542AA0B261D83B400610E50 /* Resources */ = {
			isa = PBXResourcesBuildPhase;
			buildActionMask = 2147483647;
			files = (
				5542AA43261D848C00610E50 /* 15.jpg in Resources */,
				5542AA41261D848C00610E50 /* 2.jpg in Resources */,
				5542AA3F261D848C00610E50 /* 6.jpg in Resources */,
				5542AA3C261D848C00610E50 /* 4.jpg in Resources */,
				5542AA48261D848C00610E50 /* 10.jpg in Resources */,
				5542AA42261D848C00610E50 /* 3.jpg in Resources */,
				5542AA3B261D848C00610E50 /* 13.jpg in Resources */,
				5542AA3E261D848C00610E50 /* 14.jpg in Resources */,
				5542AA3A261D848C00610E50 /* 12.jpg in Resources */,
				5542AA47261D848C00610E50 /* 5.jpg in Resources */,
				5542AA20261D83B500610E50 /* LaunchScreen.storyboard in Resources */,
				5542AA44261D848C00610E50 /* 9.jpg in Resources */,
				5542AA1D261D83B500610E50 /* Assets.xcassets in Resources */,
				5542AA3D261D848C00610E50 /* 11.jpg in Resources */,
				5542AA46261D848C00610E50 /* 8.jpg in Resources */,
				5542AA45261D848C00610E50 /* 7.jpg in Resources */,
				5542AA1B261D83B400610E50 /* Main.storyboard in Resources */,
				5542AA40261D848C00610E50 /* 1.jpg in Resources */,
			);
			runOnlyForDeploymentPostprocessing = 0;
		};
/* End PBXResourcesBuildPhase section */

/* Begin PBXSourcesBuildPhase section */
		5542AA09261D83B400610E50 /* Sources */ = {
			isa = PBXSourcesBuildPhase;
			buildActionMask = 2147483647;
			files = (
				5542AA18261D83B400610E50 /* ViewController.m in Sources */,
				5542AA12261D83B400610E50 /* AppDelegate.m in Sources */,
				5542AA23261D83B500610E50 /* main.m in Sources */,
				5542AA15261D83B400610E50 /* SceneDelegate.m in Sources */,
			);
			runOnlyForDeploymentPostprocessing = 0;
		};
/* End PBXSourcesBuildPhase section */

/* Begin PBXVariantGroup section */
		5542AA19261D83B400610E50 /* Main.storyboard */ = {
			isa = PBXVariantGroup;
			children = (
				5542AA1A261D83B400610E50 /* Base */,
			);
			name = Main.storyboard;
			sourceTree = "<group>";
		};
		5542AA1E261D83B500610E50 /* LaunchScreen.storyboard */ = {
			isa = PBXVariantGroup;
			children = (
				5542AA1F261D83B500610E50 /* Base */,
			);
			name = LaunchScreen.storyboard;
			sourceTree = "<group>";
		};
/* End PBXVariantGroup section */

/* Begin XCBuildConfiguration section */
		5542AA24261D83B500610E50 /* Debug */ = {
			isa = XCBuildConfiguration;
			buildSettings = {
				ALWAYS_SEARCH_USER_PATHS = NO;
				CLANG_ANALYZER_NONNULL = YES;
				CLANG_ANALYZER_NUMBER_OBJECT_CONVERSION = YES_AGGRESSIVE;
				CLANG_CXX_LANGUAGE_STANDARD = "gnu++14";
				CLANG_CXX_LIBRARY = "libc++";
				CLANG_ENABLE_MODULES = YES;
				CLANG_ENABLE_OBJC_ARC = YES;
				CLANG_ENABLE_OBJC_WEAK = YES;
				CLANG_WARN_BLOCK_CAPTURE_AUTORELEASING = YES;
				CLANG_WARN_BOOL_CONVERSION = YES;
				CLANG_WARN_COMMA = YES;
				CLANG_WARN_CONSTANT_CONVERSION = YES;
				CLANG_WARN_DEPRECATED_OBJC_IMPLEMENTATIONS = YES;
				CLANG_WARN_DIRECT_OBJC_ISA_USAGE = YES_ERROR;
				CLANG_WARN_DOCUMENTATION_COMMENTS = YES;
				CLANG_WARN_EMPTY_BODY = YES;
				CLANG_WARN_ENUM_CONVERSION = YES;
				CLANG_WARN_INFINITE_RECURSION = YES;
				CLANG_WARN_INT_CONVERSION = YES;
				CLANG_WARN_NON_LITERAL_NULL_CONVERSION = YES;
				CLANG_WARN_OBJC_IMPLICIT_RETAIN_SELF = YES;
				CLANG_WARN_OBJC_LITERAL_CONVERSION = YES;
				CLANG_WARN_OBJC_ROOT_CLASS = YES_ERROR;
				CLANG_WARN_QUOTED_INCLUDE_IN_FRAMEWORK_HEADER = YES;
				CLANG_WARN_RANGE_LOOP_ANALYSIS = YES;
				CLANG_WARN_STRICT_PROTOTYPES = YES;
				CLANG_WARN_SUSPICIOUS_MOVE = YES;
				CLANG_WARN_UNGUARDED_AVAILABILITY = YES_AGGRESSIVE;
				CLANG_WARN_UNREACHABLE_CODE = YES;
				CLANG_WARN__DUPLICATE_METHOD_MATCH = YES;
				COPY_PHASE_STRIP = NO;
				DEBUG_INFORMATION_FORMAT = dwarf;
				ENABLE_STRICT_OBJC_MSGSEND = YES;
				ENABLE_TESTABILITY = YES;
				GCC_C_LANGUAGE_STANDARD = gnu11;
				GCC_DYNAMIC_NO_PIC = NO;
				GCC_NO_COMMON_BLOCKS = YES;
				GCC_OPTIMIZATION_LEVEL = 0;
				GCC_PREPROCESSOR_DEFINITIONS = (
					"DEBUG=1",
					"$(inherited)",
				);
				GCC_WARN_64_TO_32_BIT_CONVERSION = YES;
				GCC_WARN_ABOUT_RETURN_TYPE = YES_ERROR;
				GCC_WARN_UNDECLARED_SELECTOR = YES;
				GCC_WARN_UNINITIALIZED_AUTOS = YES_AGGRESSIVE;
				GCC_WARN_UNUSED_FUNCTION = YES;
				GCC_WARN_UNUSED_VARIABLE = YES;
				IPHONEOS_DEPLOYMENT_TARGET = 14.4;
				MTL_ENABLE_DEBUG_INFO = INCLUDE_SOURCE;
				MTL_FAST_MATH = YES;
				ONLY_ACTIVE_ARCH = YES;
				SDKROOT = iphoneos;
			};
			name = Debug;
		};
		5542AA25261D83B500610E50 /* Release */ = {
			isa = XCBuildConfiguration;
			buildSettings = {
				ALWAYS_SEARCH_USER_PATHS = NO;
				CLANG_ANALYZER_NONNULL = YES;
				CLANG_ANALYZER_NUMBER_OBJECT_CONVERSION = YES_AGGRESSIVE;
				CLANG_CXX_LANGUAGE_STANDARD = "gnu++14";
				CLANG_CXX_LIBRARY = "libc++";
				CLANG_ENABLE_MODULES = YES;
				CLANG_ENABLE_OBJC_ARC = YES;
				CLANG_ENABLE_OBJC_WEAK = YES;
				CLANG_WARN_BLOCK_CAPTURE_AUTORELEASING = YES;
				CLANG_WARN_BOOL_CONVERSION = YES;
				CLANG_WARN_COMMA = YES;
				CLANG_WARN_CONSTANT_CONVERSION = YES;
				CLANG_WARN_DEPRECATED_OBJC_IMPLEMENTATIONS = YES;
				CLANG_WARN_DIRECT_OBJC_ISA_USAGE = YES_ERROR;
				CLANG_WARN_DOCUMENTATION_COMMENTS = YES;
				CLANG_WARN_EMPTY_BODY = YES;
				CLANG_WARN_ENUM_CONVERSION = YES;
				CLANG_WARN_INFINITE_RECURSION = YES;
				CLANG_WARN_INT_CONVERSION = YES;
				CLANG_WARN_NON_LITERAL_NULL_CONVERSION = YES;
				CLANG_WARN_OBJC_IMPLICIT_RETAIN_SELF = YES;
				CLANG_WARN_OBJC_LITERAL_CONVERSION = YES;
				CLANG_WARN_OBJC_ROOT_CLASS = YES_ERROR;
				CLANG_WARN_QUOTED_INCLUDE_IN_FRAMEWORK_HEADER = YES;
				CLANG_WARN_RANGE_LOOP_ANALYSIS = YES;
				CLANG_WARN_STRICT_PROTOTYPES = YES;
				CLANG_WARN_SUSPICIOUS_MOVE = YES;
				CLANG_WARN_UNGUARDED_AVAILABILITY = YES_AGGRESSIVE;
				CLANG_WARN_UNREACHABLE_CODE = YES;
				CLANG_WARN__DUPLICATE_METHOD_MATCH = YES;
				COPY_PHASE_STRIP = NO;
				DEBUG_INFORMATION_FORMAT = "dwarf-with-dsym";
				ENABLE_NS_ASSERTIONS = NO;
				ENABLE_STRICT_OBJC_MSGSEND = YES;
				GCC_C_LANGUAGE_STANDARD = gnu11;
				GCC_NO_COMMON_BLOCKS = YES;
				GCC_WARN_64_TO_32_BIT_CONVERSION = YES;
				GCC_WARN_ABOUT_RETURN_TYPE = YES_ERROR;
				GCC_WARN_UNDECLARED_SELECTOR = YES;
				GCC_WARN_UNINITIALIZED_AUTOS = YES_AGGRESSIVE;
				GCC_WARN_UNUSED_FUNCTION = YES;
				GCC_WARN_UNUSED_VARIABLE = YES;
				IPHONEOS_DEPLOYMENT_TARGET = 14.4;
				MTL_ENABLE_DEBUG_INFO = NO;
				MTL_FAST_MATH = YES;
				SDKROOT = iphoneos;
				VALIDATE_PRODUCT = YES;
			};
			name = Release;
		};
		5542AA27261D83B500610E50 /* Debug */ = {
			isa = XCBuildConfiguration;
			buildSettings = {
				ASSETCATALOG_COMPILER_APPICON_NAME = AppIcon;
				ASSETCATALOG_COMPILER_GLOBAL_ACCENT_COLOR_NAME = AccentColor;
				CODE_SIGN_STYLE = Automatic;
				INFOPLIST_FILE = DigitalFrame/Info.plist;
				LD_RUNPATH_SEARCH_PATHS = (
					"$(inherited)",
					"@executable_path/Frameworks",
				);
				PRODUCT_BUNDLE_IDENTIFIER = com.appstamp.DigitalFrame;
				PRODUCT_NAME = "$(TARGET_NAME)";
				TARGETED_DEVICE_FAMILY = "1,2";
			};
			name = Debug;
		};
		5542AA28261D83B500610E50 /* Release */ = {
			isa = XCBuildConfiguration;
			buildSettings = {
				ASSETCATALOG_COMPILER_APPICON_NAME = AppIcon;
				ASSETCATALOG_COMPILER_GLOBAL_ACCENT_COLOR_NAME = AccentColor;
				CODE_SIGN_STYLE = Automatic;
				INFOPLIST_FILE = DigitalFrame/Info.plist;
				LD_RUNPATH_SEARCH_PATHS = (
					"$(inherited)",
					"@executable_path/Frameworks",
				);
				PRODUCT_BUNDLE_IDENTIFIER = com.appstamp.DigitalFrame;
				PRODUCT_NAME = "$(TARGET_NAME)";
				TARGETED_DEVICE_FAMILY = "1,2";
			};
			name = Release;
		};
/* End XCBuildConfiguration section */

/* Begin XCConfigurationList section */
		5542AA08261D83B400610E50 /* Build configuration list for PBXProject "DigitalFrame" */ = {
			isa = XCConfigurationList;
			buildConfigurations = (
				5542AA24261D83B500610E50 /* Debug */,
				5542AA25261D83B500610E50 /* Release */,
			);
			defaultConfigurationIsVisible = 0;
			defaultConfigurationName = Release;
		};
		5542AA26261D83B500610E50 /* Build configuration list for PBXNativeTarget "DigitalFrame" */ = {
			isa = XCConfigurationList;
			buildConfigurations = (
				5542AA27261D83B500610E50 /* Debug */,
				5542AA28261D83B500610E50 /* Release */,
			);
			defaultConfigurationIsVisible = 0;
			defaultConfigurationName = Release;
		};
/* End XCConfigurationList section */
	};
	rootObject = 5542AA05261D83B400610E50 /* Project object */;
}
